{
  "name": "topologia-computacional-tests",
  "lockfileVersion": 3,
  "requires": true,
  "packages": {
    "": {
      "name": "topologia-computacional-tests",
      "devDependencies": {
        "earcut": "^3.2.4",
        "robust-predicates": "^3.0.3"
      }
    },
    "node_modules/earcut": {
      "version": "3.2.4",
      "resolved": "https://registry.npmjs.org/earcut/-/earcut-3.2.4.tgz",
      "integrity": "sha512-FHc6yNpnTORB0tM5kmZ03iD2mDuNakDE2lvf4Hw1XkfxtEHIGVi01B/GqUSwx+NcC1WGjidAfpTXzeALtPtfpg==",
      "dev": true
    },
    "node_modules/robust-predicates": {
      "version": "3.0.3",
      "resolved": "https://registry.npmjs.org/robust-predicates/-/robust-predicates-3.0.3.tgz",
      "integrity": "sha512-NS3levdsRIUOmiJ8FZWCP7LG3QpJyrs/TE0Zpf1yvZu8cAJJ6QMW92H1c7kWpdIHo8RvmLxN/o2JXTKHp74lUA==",
      "dev": true
    }
  }
}
